
Microsoft Visual Studio Solution File, Format Version 12.00
# Visual Studio 15
VisualStudioVersion = 15.0.27004.2002
MinimumVisualStudioVersion = 10.0.40219.1
Project("{FAE04EC0-301F-11D3-BF4B-00C04F79EFBC}") = "WindowsFormsApp1", "WindowsFormsApp1\WindowsFormsApp1.csproj", "{0A3985FA-CEFD-489B-90CC-3BBC644141EB}"
EndProject
Global
	GlobalSection(SolutionConfigurationPlatforms) = preSolution
		Debug|Any CPU = Debug|Any CPU
		Release|Any CPU = Release|Any CPU
	EndGlobalSection
	GlobalSection(ProjectConfigurationPlatforms) = postSolution
		{0A3985FA-CEFD-489B-90CC-3BBC644141EB}.Debug|Any CPU.ActiveCfg = Debug|Any CPU
		{0A3985FA-CEFD-489B-90CC-3BBC644141EB}.Debug|Any CPU.Build.0 = Debug|Any CPU
		{0A3985FA-CEFD-489B-90CC-3BBC644141EB}.Release|Any CPU.ActiveCfg = Release|Any CPU
		{0A3985FA-CEFD-489B-90CC-3BBC644141EB}.Release|Any CPU.Build.0 = Release|Any CPU
	EndGlobalSection
	GlobalSection(SolutionProperties) = preSolution
		HideSolutionNode = FALSE
	EndGlobalSection
	GlobalSection(ExtensibilityGlobals) = postSolution
		SolutionGuid = {761C5691-B2CB-4501-8112-D16126B827CC}
	EndGlobalSection
EndGlobal
